
Microsoft Visual Studio Solution File, Format Version 12.00
# Visual Studio Version 17
VisualStudioVersion = 17.4.33122.133
MinimumVisualStudioVersion = 10.0.40219.1
Project("{FAE04EC0-301F-11D3-BF4B-00C04F79EFBC}") = "NETCOREREACT", "NETCOREREACT\NETCOREREACT.csproj", "{B75B5185-F1E5-4137-BEC4-1BBCAA046AE3}"
EndProject
Global
	GlobalSection(SolutionConfigurationPlatforms) = preSolution
		Debug|Any CPU = Debug|Any CPU
		Release|Any CPU = Release|Any CPU
	EndGlobalSection
	GlobalSection(ProjectConfigurationPlatforms) = postSolution
		{B75B5185-F1E5-4137-BEC4-1BBCAA046AE3}.Debug|Any CPU.ActiveCfg = Debug|Any CPU
		{B75B5185-F1E5-4137-BEC4-1BBCAA046AE3}.Debug|Any CPU.Build.0 = Debug|Any CPU
		{B75B5185-F1E5-4137-BEC4-1BBCAA046AE3}.Release|Any CPU.ActiveCfg = Release|Any CPU
		{B75B5185-F1E5-4137-BEC4-1BBCAA046AE3}.Release|Any CPU.Build.0 = Release|Any CPU
	EndGlobalSection
	GlobalSection(SolutionProperties) = preSolution
		HideSolutionNode = FALSE
	EndGlobalSection
	GlobalSection(ExtensibilityGlobals) = postSolution
		SolutionGuid = {0E04B5A3-154B-48FD-B674-DB85E9CB0829}
	EndGlobalSection
EndGlobal
